{
  "name": "simon",
  "version": "1.0.0",
  "lockfileVersion": 3,
  "requires": true,
  "packages": {
    "": {
      "name": "simon",
      "version": "1.0.0",
      "devDependencies": {
        "@tauri-apps/cli": "^2"
      }
    },
    "node_modules/@tauri-apps/cli": {
      "version": "2.9.2",
      "resolved": "https://registry.npmjs.org/@tauri-apps/cli/-/cli-2.9.2.tgz",
      "integrity": "sha512-aGzdVgxQW6WQ7e5nydPZ/30u8HvltHjO3Ytzf1wOxX1N5Yj2TsjKWRb/AWJlB95Huml3k3c/b6s0ijAvlSo9xw==",
      "dev": true,
      "license": "Apache-2.0 OR MIT",
      "bin": {
        "tauri": "tauri.js"
      },
      "engines": {
        "node": ">= 10"
      },
      "funding": {
        "type": "opencollective",
        "url": "https://opencollective.com/tauri"
      },
      "optionalDependencies": {
        "@tauri-apps/cli-darwin-arm64": "2.9.2",
        "@tauri-apps/cli-darwin-x64": "2.9.2",
        "@tauri-apps/cli-linux-arm-gnueabihf": "2.9.2",
        "@tauri-apps/cli-linux-arm64-gnu": "2.9.2",
        "@tauri-apps/cli-linux-arm64-musl": "2.9.2",
        "@tauri-apps/cli-linux-riscv64-gnu": "2.9.2",
        "@tauri-apps/cli-linux-x64-gnu": "2.9.2",
        "@tauri-apps/cli-linux-x64-musl": "2.9.2",
        "@tauri-apps/cli-win32-arm64-msvc": "2.9.2",
        "@tauri-apps/cli-win32-ia32-msvc": "2.9.2",
        "@tauri-apps/cli-win32-x64-msvc": "2.9.2"
      }
    },
    "node_modules/@tauri-apps/cli-linux-x64-gnu": {
      "version": "2.9.2",
      "resolved": "https://registry.npmjs.org/@tauri-apps/cli-linux-x64-gnu/-/cli-linux-x64-gnu-2.9.2.tgz",
      "integrity": "sha512-tg85cGIM9PWwsbQg8m3uah3SfoNapgUr4vhWtkqgeTDZOjQuQ2duTwCH4UiM7acBpbZHNzvRrxSFpv0U53TqQQ==",
      "cpu": [
        "x64"
      ],
      "dev": true,
      "license": "Apache-2.0 OR MIT",
      "optional": true,
      "os": [
        "linux"
      ],
      "engines": {
        "node": ">= 10"
      }
    },
    "node_modules/@tauri-apps/cli-linux-x64-musl": {
      "version": "2.9.2",
      "resolved": "https://registry.npmjs.org/@tauri-apps/cli-linux-x64-musl/-/cli-linux-x64-musl-2.9.2.tgz",
      "integrity": "sha512-xW8qaz9bcwR35W2gIg7fKG9e1Z34idOsGpD2zIPgxlJyF314B/1qie50hbOqt5AbbXHR4iRpxKE4kA2grqMmkg==",
      "cpu": [
        "x64"
      ],
      "dev": true,
      "license": "Apache-2.0 OR MIT",
      "optional": true,
      "os": [
        "linux"
      ],
      "engines": {
        "node": ">= 10"
      }
    }
  }
}
